{
  "version": 4,
  "terraform_version": "0.14.0",
  "serial": 2,
  "lineage": "9ecde40c-0ac6-5e6b-fa80-921daf5c807f",
  "outputs": {
    "jenkins_master_addr": {
      "value": "94.130.187.233",
      "type": "string"
    }
  },
  "resources": [
    {
      "mode": "managed",
      "type": "hcloud_server",
      "name": "jenkins_master",
      "provider": "provider[\"registry.terraform.io/hetznercloud/hcloud\"]",
      "instances": [
        {
          "schema_version": 0,
          "attributes": {
            "backup_window": "",
            "backups": false,
            "datacenter": "nbg1-dc3",
            "id": "8933589",
            "image": "27377887",
            "ipv4_address": "94.130.187.233",
            "ipv6_address": "2a01:4f8:1c0c:53de::1",
            "ipv6_network": "2a01:4f8:1c0c:53de::/64",
            "iso": null,
            "keep_disk": false,
            "labels": null,
            "location": "nbg1",
            "name": "jenkins-master",
            "rescue": null,
            "server_type": "cx11",
            "ssh_keys": [
              "sshkey"
            ],
            "status": "running",
            "user_data": null
          },
          "sensitive_attributes": [],
          "private": "bnVsbA=="
        }
      ]
    }
  ]
}
